
Microsoft Visual Studio Solution File, Format Version 12.00
# Visual Studio Version 17
VisualStudioVersion = 17.2.32630.192
MinimumVisualStudioVersion = 10.0.40219.1
Project("{FAE04EC0-301F-11D3-BF4B-00C04F79EFBC}") = "chess-console", "chess-console\chess-console.csproj", "{BD7C3EFA-B415-45EA-90A8-3478E792F32B}"
EndProject
Global
	GlobalSection(SolutionConfigurationPlatforms) = preSolution
		Debug|Any CPU = Debug|Any CPU
		Release|Any CPU = Release|Any CPU
	EndGlobalSection
	GlobalSection(ProjectConfigurationPlatforms) = postSolution
		{BD7C3EFA-B415-45EA-90A8-3478E792F32B}.Debug|Any CPU.ActiveCfg = Debug|Any CPU
		{BD7C3EFA-B415-45EA-90A8-3478E792F32B}.Debug|Any CPU.Build.0 = Debug|Any CPU
		{BD7C3EFA-B415-45EA-90A8-3478E792F32B}.Release|Any CPU.ActiveCfg = Release|Any CPU
		{BD7C3EFA-B415-45EA-90A8-3478E792F32B}.Release|Any CPU.Build.0 = Release|Any CPU
	EndGlobalSection
	GlobalSection(SolutionProperties) = preSolution
		HideSolutionNode = FALSE
	EndGlobalSection
	GlobalSection(ExtensibilityGlobals) = postSolution
		SolutionGuid = {9B96FBA4-0C03-416E-A9BC-4C1008E75D5E}
	EndGlobalSection
EndGlobal
